
Microsoft Visual Studio Solution File, Format Version 12.00
# Visual Studio Version 17
VisualStudioVersion = 17.8.34330.188
MinimumVisualStudioVersion = 10.0.40219.1
Project("{FAE04EC0-301F-11D3-BF4B-00C04F79EFBC}") = "SpecFlowProject3", "SpecFlowProject3\SpecFlowProject3.csproj", "{1CF0C1BA-C3F7-45F0-A475-B863C0C8D831}"
EndProject
Global
	GlobalSection(SolutionConfigurationPlatforms) = preSolution
		Debug|Any CPU = Debug|Any CPU
		Release|Any CPU = Release|Any CPU
	EndGlobalSection
	GlobalSection(ProjectConfigurationPlatforms) = postSolution
		{1CF0C1BA-C3F7-45F0-A475-B863C0C8D831}.Debug|Any CPU.ActiveCfg = Debug|Any CPU
		{1CF0C1BA-C3F7-45F0-A475-B863C0C8D831}.Debug|Any CPU.Build.0 = Debug|Any CPU
		{1CF0C1BA-C3F7-45F0-A475-B863C0C8D831}.Release|Any CPU.ActiveCfg = Release|Any CPU
		{1CF0C1BA-C3F7-45F0-A475-B863C0C8D831}.Release|Any CPU.Build.0 = Release|Any CPU
	EndGlobalSection
	GlobalSection(SolutionProperties) = preSolution
		HideSolutionNode = FALSE
	EndGlobalSection
	GlobalSection(ExtensibilityGlobals) = postSolution
		SolutionGuid = {D6F43DD2-D684-4DA7-B457-25232FA5B18D}
	EndGlobalSection
EndGlobal
